{
  "name": "1",
  "lockfileVersion": 3,
  "requires": true,
  "packages": {
    "": {
      "dependencies": {
        "@starbased/ccstatusline": "^2.0.21"
      }
    },
    "node_modules/@starbased/ccstatusline": {
      "version": "2.0.21",
      "resolved": "https://registry.npmjs.org/@starbased/ccstatusline/-/ccstatusline-2.0.21.tgz",
      "integrity": "sha512-+kgKxGn/f9DCnCq2yzH786L7dv45hs/Fyu3Fit+iWo0S5gud4R1i+aWd5EQZn2WqSGv/6x2IHkZfXpXWqv4KMw==",
      "license": "MIT",
      "bin": {
        "ccstatusline": "dist/ccstatusline.js"
      },
      "engines": {
        "node": ">=14.0.0"
      }
    }
  }
}
